
Microsoft Visual Studio Solution File, Format Version 12.00
# Visual Studio 15
VisualStudioVersion = 15.0.28307.136
MinimumVisualStudioVersion = 10.0.40219.1
Project("{9A19103F-16F7-4668-BE54-9A1E7A4F7556}") = "DatingApp.API", "DatingApp.API.csproj", "{68A129D3-069D-4302-9437-C4D850E320C3}"
EndProject
Global
	GlobalSection(SolutionConfigurationPlatforms) = preSolution
		Debug|Any CPU = Debug|Any CPU
		Release|Any CPU = Release|Any CPU
	EndGlobalSection
	GlobalSection(ProjectConfigurationPlatforms) = postSolution
		{68A129D3-069D-4302-9437-C4D850E320C3}.Debug|Any CPU.ActiveCfg = Debug|Any CPU
		{68A129D3-069D-4302-9437-C4D850E320C3}.Debug|Any CPU.Build.0 = Debug|Any CPU
		{68A129D3-069D-4302-9437-C4D850E320C3}.Release|Any CPU.ActiveCfg = Release|Any CPU
		{68A129D3-069D-4302-9437-C4D850E320C3}.Release|Any CPU.Build.0 = Release|Any CPU
	EndGlobalSection
	GlobalSection(SolutionProperties) = preSolution
		HideSolutionNode = FALSE
	EndGlobalSection
	GlobalSection(ExtensibilityGlobals) = postSolution
		SolutionGuid = {5635D741-CCAD-4F43-B5F8-DA3B73C691DE}
	EndGlobalSection
EndGlobal
